// !$*UTF8*$!
{
	archiveVersion = 1;
	classes = {
	};
	objectVersion = 46;
	objects = {

/* Begin PBXBuildFile section */
		A947FDAB61395EC2D157620E /* Pods_HubChatBrowser.framework in Frameworks */ = {isa = PBXBuildFile; fileRef = 39C9A199EFD9EE1DB02CA985 /* Pods_HubChatBrowser.framework */; };
		ABF44DF181BC44A6C32D3FFB /* Pods_HubChatBrowserTests.framework in Frameworks */ = {isa = PBXBuildFile; fileRef = 77F7483E813253843C3209AE /* Pods_HubChatBrowserTests.framework */; };
		AE09605E198EB2D57DEC4B25 /* Pods_HubChatBrowserUITests.framework in Frameworks */ = {isa = PBXBuildFile; fileRef = 96E702F7438E8CBD3ECFAF91 /* Pods_HubChatBrowserUITests.framework */; };
		FB0C0AB01E0DE5340040ACDF /* HubChatBrowserTests.swift in Sources */ = {isa = PBXBuildFile; fileRef = FB0C0AAF1E0DE5340040ACDF /* HubChatBrowserTests.swift */; };
		FB0C0ABB1E0DE5340040ACDF /* HubChatBrowserUITests.swift in Sources */ = {isa = PBXBuildFile; fileRef = FB0C0ABA1E0DE5340040ACDF /* HubChatBrowserUITests.swift */; };
		FB0C0AE51E0E101F0040ACDF /* Assets.xcassets in Resources */ = {isa = PBXBuildFile; fileRef = FB0C0ADF1E0E101F0040ACDF /* Assets.xcassets */; };
		FB0C0AE61E0E101F0040ACDF /* AppDelegate.swift in Sources */ = {isa = PBXBuildFile; fileRef = FB0C0AE11E0E101F0040ACDF /* AppDelegate.swift */; };
/* End PBXBuildFile section */

/* Begin PBXContainerItemProxy section */
		FB0C0AAC1E0DE5340040ACDF /* PBXContainerItemProxy */ = {
			isa = PBXContainerItemProxy;
			containerPortal = FB0C0A8F1E0DE5340040ACDF /* Project object */;
			proxyType = 1;
			remoteGlobalIDString = FB0C0A961E0DE5340040ACDF;
			remoteInfo = HubChatBrowser;
		};
		FB0C0AB71E0DE5340040ACDF /* PBXContainerItemProxy */ = {
			isa = PBXContainerItemProxy;
			containerPortal = FB0C0A8F1E0DE5340040ACDF /* Project object */;
			proxyType = 1;
			remoteGlobalIDString = FB0C0A961E0DE5340040ACDF;
			remoteInfo = HubChatBrowser;
		};
/* End PBXContainerItemProxy section */

/* Begin PBXFileReference section */
		10919132D4E3D44C260C3798 /* Pods-HubChatBrowserTests.release.xcconfig */ = {isa = PBXFileReference; includeInIndex = 1; lastKnownFileType = text.xcconfig; name = "Pods-HubChatBrowserTests.release.xcconfig"; path = "Pods/Target Support Files/Pods-HubChatBrowserTests/Pods-HubChatBrowserTests.release.xcconfig"; sourceTree = "<group>"; };
		39C9A199EFD9EE1DB02CA985 /* Pods_HubChatBrowser.framework */ = {isa = PBXFileReference; explicitFileType = wrapper.framework; includeInIndex = 0; path = Pods_HubChatBrowser.framework; sourceTree = BUILT_PRODUCTS_DIR; };
		77F7483E813253843C3209AE /* Pods_HubChatBrowserTests.framework */ = {isa = PBXFileReference; explicitFileType = wrapper.framework; includeInIndex = 0; path = Pods_HubChatBrowserTests.framework; sourceTree = BUILT_PRODUCTS_DIR; };
		7C790CE6295527D479629D5A /* Pods-HubChatBrowser.release.xcconfig */ = {isa = PBXFileReference; includeInIndex = 1; lastKnownFileType = text.xcconfig; name = "Pods-HubChatBrowser.release.xcconfig"; path = "Pods/Target Support Files/Pods-HubChatBrowser/Pods-HubChatBrowser.release.xcconfig"; sourceTree = "<group>"; };
		8751843B6AE6483F89CBF49F /* Pods-HubChatBrowserUITests.release.xcconfig */ = {isa = PBXFileReference; includeInIndex = 1; lastKnownFileType = text.xcconfig; name = "Pods-HubChatBrowserUITests.release.xcconfig"; path = "Pods/Target Support Files/Pods-HubChatBrowserUITests/Pods-HubChatBrowserUITests.release.xcconfig"; sourceTree = "<group>"; };
		96E702F7438E8CBD3ECFAF91 /* Pods_HubChatBrowserUITests.framework */ = {isa = PBXFileReference; explicitFileType = wrapper.framework; includeInIndex = 0; path = Pods_HubChatBrowserUITests.framework; sourceTree = BUILT_PRODUCTS_DIR; };
		BAD79E5A629D9F66B329A67B /* Pods-HubChatBrowser.debug.xcconfig */ = {isa = PBXFileReference; includeInIndex = 1; lastKnownFileType = text.xcconfig; name = "Pods-HubChatBrowser.debug.xcconfig"; path = "Pods/Target Support Files/Pods-HubChatBrowser/Pods-HubChatBrowser.debug.xcconfig"; sourceTree = "<group>"; };
		F2C48BA90B67A9753BE3CB52 /* Pods-HubChatBrowserUITests.debug.xcconfig */ = {isa = PBXFileReference; includeInIndex = 1; lastKnownFileType = text.xcconfig; name = "Pods-HubChatBrowserUITests.debug.xcconfig"; path = "Pods/Target Support Files/Pods-HubChatBrowserUITests/Pods-HubChatBrowserUITests.debug.xcconfig"; sourceTree = "<group>"; };
		F88F89E7D11DDE30139F7428 /* Pods-HubChatBrowserTests.debug.xcconfig */ = {isa = PBXFileReference; includeInIndex = 1; lastKnownFileType = text.xcconfig; name = "Pods-HubChatBrowserTests.debug.xcconfig"; path = "Pods/Target Support Files/Pods-HubChatBrowserTests/Pods-HubChatBrowserTests.debug.xcconfig"; sourceTree = "<group>"; };
		FB0C0A971E0DE5340040ACDF /* HubChatBrowser.app */ = {isa = PBXFileReference; explicitFileType = wrapper.application; includeInIndex = 0; path = HubChatBrowser.app; sourceTree = BUILT_PRODUCTS_DIR; };
		FB0C0AAB1E0DE5340040ACDF /* HubChatBrowserTests.xctest */ = {isa = PBXFileReference; explicitFileType = wrapper.cfbundle; includeInIndex = 0; path = HubChatBrowserTests.xctest; sourceTree = BUILT_PRODUCTS_DIR; };
		FB0C0AAF1E0DE5340040ACDF /* HubChatBrowserTests.swift */ = {isa = PBXFileReference; lastKnownFileType = sourcecode.swift; path = HubChatBrowserTests.swift; sourceTree = "<group>"; };
		FB0C0AB11E0DE5340040ACDF /* Info.plist */ = {isa = PBXFileReference; lastKnownFileType = text.plist.xml; path = Info.plist; sourceTree = "<group>"; };
		FB0C0AB61E0DE5340040ACDF /* HubChatBrowserUITests.xctest */ = {isa = PBXFileReference; explicitFileType = wrapper.cfbundle; includeInIndex = 0; path = HubChatBrowserUITests.xctest; sourceTree = BUILT_PRODUCTS_DIR; };
		FB0C0ABA1E0DE5340040ACDF /* HubChatBrowserUITests.swift */ = {isa = PBXFileReference; lastKnownFileType = sourcecode.swift; path = HubChatBrowserUITests.swift; sourceTree = "<group>"; };
		FB0C0ABC1E0DE5340040ACDF /* Info.plist */ = {isa = PBXFileReference; lastKnownFileType = text.plist.xml; path = Info.plist; sourceTree = "<group>"; };
		FB0C0ADF1E0E101F0040ACDF /* Assets.xcassets */ = {isa = PBXFileReference; lastKnownFileType = folder.assetcatalog; path = Assets.xcassets; sourceTree = "<group>"; };
		FB0C0AE11E0E101F0040ACDF /* AppDelegate.swift */ = {isa = PBXFileReference; fileEncoding = 4; lastKnownFileType = sourcecode.swift; path = AppDelegate.swift; sourceTree = "<group>"; };
		FB0C0AE21E0E101F0040ACDF /* Info.plist */ = {isa = PBXFileReference; fileEncoding = 4; lastKnownFileType = text.plist.xml; path = Info.plist; sourceTree = "<group>"; };
/* End PBXFileReference section */

/* Begin PBXFrameworksBuildPhase section */
		FB0C0A941E0DE5340040ACDF /* Frameworks */ = {
			isa = PBXFrameworksBuildPhase;
			buildActionMask = 2147483647;
			files = (
				A947FDAB61395EC2D157620E /* Pods_HubChatBrowser.framework in Frameworks */,
			);
			runOnlyForDeploymentPostprocessing = 0;
		};
		FB0C0AA81E0DE5340040ACDF /* Frameworks */ = {
			isa = PBXFrameworksBuildPhase;
			buildActionMask = 2147483647;
			files = (
				ABF44DF181BC44A6C32D3FFB /* Pods_HubChatBrowserTests.framework in Frameworks */,
			);
			runOnlyForDeploymentPostprocessing = 0;
		};
		FB0C0AB31E0DE5340040ACDF /* Frameworks */ = {
			isa = PBXFrameworksBuildPhase;
			buildActionMask = 2147483647;
			files = (
				AE09605E198EB2D57DEC4B25 /* Pods_HubChatBrowserUITests.framework in Frameworks */,
			);
			runOnlyForDeploymentPostprocessing = 0;
		};
/* End PBXFrameworksBuildPhase section */

/* Begin PBXGroup section */
		383D80E10C1FBE9E5500C490 /* Frameworks */ = {
			isa = PBXGroup;
			children = (
				39C9A199EFD9EE1DB02CA985 /* Pods_HubChatBrowser.framework */,
				77F7483E813253843C3209AE /* Pods_HubChatBrowserTests.framework */,
				96E702F7438E8CBD3ECFAF91 /* Pods_HubChatBrowserUITests.framework */,
			);
			name = Frameworks;
			sourceTree = "<group>";
		};
		62B6AA46B9EDD02F4B1FB7FA /* Pods */ = {
			isa = PBXGroup;
			children = (
				BAD79E5A629D9F66B329A67B /* Pods-HubChatBrowser.debug.xcconfig */,
				7C790CE6295527D479629D5A /* Pods-HubChatBrowser.release.xcconfig */,
				F88F89E7D11DDE30139F7428 /* Pods-HubChatBrowserTests.debug.xcconfig */,
				10919132D4E3D44C260C3798 /* Pods-HubChatBrowserTests.release.xcconfig */,
				F2C48BA90B67A9753BE3CB52 /* Pods-HubChatBrowserUITests.debug.xcconfig */,
				8751843B6AE6483F89CBF49F /* Pods-HubChatBrowserUITests.release.xcconfig */,
			);
			name = Pods;
			sourceTree = "<group>";
		};
		FB0C0A8E1E0DE5340040ACDF = {
			isa = PBXGroup;
			children = (
				FB0C0A991E0DE5340040ACDF /* HubChatBrowser */,
				FB0C0AAE1E0DE5340040ACDF /* HubChatBrowserTests */,
				FB0C0AB91E0DE5340040ACDF /* HubChatBrowserUITests */,
				FB0C0A981E0DE5340040ACDF /* Products */,
				62B6AA46B9EDD02F4B1FB7FA /* Pods */,
				383D80E10C1FBE9E5500C490 /* Frameworks */,
			);
			sourceTree = "<group>";
		};
		FB0C0A981E0DE5340040ACDF /* Products */ = {
			isa = PBXGroup;
			children = (
				FB0C0A971E0DE5340040ACDF /* HubChatBrowser.app */,
				FB0C0AAB1E0DE5340040ACDF /* HubChatBrowserTests.xctest */,
				FB0C0AB61E0DE5340040ACDF /* HubChatBrowserUITests.xctest */,
			);
			name = Products;
			sourceTree = "<group>";
		};
		FB0C0A991E0DE5340040ACDF /* HubChatBrowser */ = {
			isa = PBXGroup;
			children = (
				FB0C0ADD1E0E101F0040ACDF /* Model */,
				FB0C0AE31E0E101F0040ACDF /* View */,
				FB0C0AE41E0E101F0040ACDF /* ViewModel */,
				FB0C0ADE1E0E101F0040ACDF /* Assets */,
				FB0C0AE01E0E101F0040ACDF /* Supporting */,
			);
			path = HubChatBrowser;
			sourceTree = "<group>";
		};
		FB0C0AAE1E0DE5340040ACDF /* HubChatBrowserTests */ = {
			isa = PBXGroup;
			children = (
				FB0C0AAF1E0DE5340040ACDF /* HubChatBrowserTests.swift */,
				FB0C0AB11E0DE5340040ACDF /* Info.plist */,
			);
			path = HubChatBrowserTests;
			sourceTree = "<group>";
		};
		FB0C0AB91E0DE5340040ACDF /* HubChatBrowserUITests */ = {
			isa = PBXGroup;
			children = (
				FB0C0ABA1E0DE5340040ACDF /* HubChatBrowserUITests.swift */,
				FB0C0ABC1E0DE5340040ACDF /* Info.plist */,
			);
			path = HubChatBrowserUITests;
			sourceTree = "<group>";
		};
		FB0C0ADD1E0E101F0040ACDF /* Model */ = {
			isa = PBXGroup;
			children = (
			);
			path = Model;
			sourceTree = "<group>";
		};
		FB0C0ADE1E0E101F0040ACDF /* Assets */ = {
			isa = PBXGroup;
			children = (
				FB0C0ADF1E0E101F0040ACDF /* Assets.xcassets */,
			);
			path = Assets;
			sourceTree = "<group>";
		};
		FB0C0AE01E0E101F0040ACDF /* Supporting */ = {
			isa = PBXGroup;
			children = (
				FB0C0AE11E0E101F0040ACDF /* AppDelegate.swift */,
				FB0C0AE21E0E101F0040ACDF /* Info.plist */,
			);
			path = Supporting;
			sourceTree = "<group>";
		};
		FB0C0AE31E0E101F0040ACDF /* View */ = {
			isa = PBXGroup;
			children = (
			);
			path = View;
			sourceTree = "<group>";
		};
		FB0C0AE41E0E101F0040ACDF /* ViewModel */ = {
			isa = PBXGroup;
			children = (
			);
			path = ViewModel;
			sourceTree = "<group>";
		};
/* End PBXGroup section */

/* Begin PBXNativeTarget section */
		FB0C0A961E0DE5340040ACDF /* HubChatBrowser */ = {
			isa = PBXNativeTarget;
			buildConfigurationList = FB0C0ABF1E0DE5340040ACDF /* Build configuration list for PBXNativeTarget "HubChatBrowser" */;
			buildPhases = (
				824B727BE161813FE277CF3F /* [CP] Check Pods Manifest.lock */,
				FB0C0A931E0DE5340040ACDF /* Sources */,
				FB0C0A941E0DE5340040ACDF /* Frameworks */,
				FB0C0A951E0DE5340040ACDF /* Resources */,
				23A6E38AC213D177A86D76F0 /* [CP] Embed Pods Frameworks */,
				3B764A1B659D8ADBFEB01D91 /* [CP] Copy Pods Resources */,
			);
			buildRules = (
			);
			dependencies = (
			);
			name = HubChatBrowser;
			productName = HubChatBrowser;
			productReference = FB0C0A971E0DE5340040ACDF /* HubChatBrowser.app */;
			productType = "com.apple.product-type.application";
		};
		FB0C0AAA1E0DE5340040ACDF /* HubChatBrowserTests */ = {
			isa = PBXNativeTarget;
			buildConfigurationList = FB0C0AC21E0DE5340040ACDF /* Build configuration list for PBXNativeTarget "HubChatBrowserTests" */;
			buildPhases = (
				0F72E6DB903AF6B2E29C6F0F /* [CP] Check Pods Manifest.lock */,
				FB0C0AA71E0DE5340040ACDF /* Sources */,
				FB0C0AA81E0DE5340040ACDF /* Frameworks */,
				FB0C0AA91E0DE5340040ACDF /* Resources */,
				0B7A96C49EC0835D5BCEC64A /* [CP] Embed Pods Frameworks */,
				4C3CA96DCC4CEE42C04F0356 /* [CP] Copy Pods Resources */,
			);
			buildRules = (
			);
			dependencies = (
				FB0C0AAD1E0DE5340040ACDF /* PBXTargetDependency */,
			);
			name = HubChatBrowserTests;
			productName = HubChatBrowserTests;
			productReference = FB0C0AAB1E0DE5340040ACDF /* HubChatBrowserTests.xctest */;
			productType = "com.apple.product-type.bundle.unit-test";
		};
		FB0C0AB51E0DE5340040ACDF /* HubChatBrowserUITests */ = {
			isa = PBXNativeTarget;
			buildConfigurationList = FB0C0AC51E0DE5340040ACDF /* Build configuration list for PBXNativeTarget "HubChatBrowserUITests" */;
			buildPhases = (
				B083ECF9C95892C155A3BA49 /* [CP] Check Pods Manifest.lock */,
				FB0C0AB21E0DE5340040ACDF /* Sources */,
				FB0C0AB31E0DE5340040ACDF /* Frameworks */,
				FB0C0AB41E0DE5340040ACDF /* Resources */,
				6EC703A694C8D39123D3C46D /* [CP] Embed Pods Frameworks */,
				0AF33698E7350034E6EE73B1 /* [CP] Copy Pods Resources */,
			);
			buildRules = (
			);
			dependencies = (
				FB0C0AB81E0DE5340040ACDF /* PBXTargetDependency */,
			);
			name = HubChatBrowserUITests;
			productName = HubChatBrowserUITests;
			productReference = FB0C0AB61E0DE5340040ACDF /* HubChatBrowserUITests.xctest */;
			productType = "com.apple.product-type.bundle.ui-testing";
		};
/* End PBXNativeTarget section */

/* Begin PBXProject section */
		FB0C0A8F1E0DE5340040ACDF /* Project object */ = {
			isa = PBXProject;
			attributes = {
				LastSwiftUpdateCheck = 0820;
				LastUpgradeCheck = 0820;
				ORGANIZATIONNAME = NativeSolutions;
				TargetAttributes = {
					FB0C0A961E0DE5340040ACDF = {
						CreatedOnToolsVersion = 8.2.1;
						DevelopmentTeam = 5JWGM7A2T3;
						ProvisioningStyle = Automatic;
					};
					FB0C0AAA1E0DE5340040ACDF = {
						CreatedOnToolsVersion = 8.2.1;
						DevelopmentTeam = 5JWGM7A2T3;
						ProvisioningStyle = Automatic;
						TestTargetID = FB0C0A961E0DE5340040ACDF;
					};
					FB0C0AB51E0DE5340040ACDF = {
						CreatedOnToolsVersion = 8.2.1;
						DevelopmentTeam = 5JWGM7A2T3;
						ProvisioningStyle = Automatic;
						TestTargetID = FB0C0A961E0DE5340040ACDF;
					};
				};
			};
			buildConfigurationList = FB0C0A921E0DE5340040ACDF /* Build configuration list for PBXProject "HubChatBrowser" */;
			compatibilityVersion = "Xcode 3.2";
			developmentRegion = English;
			hasScannedForEncodings = 0;
			knownRegions = (
				en,
				Base,
			);
			mainGroup = FB0C0A8E1E0DE5340040ACDF;
			productRefGroup = FB0C0A981E0DE5340040ACDF /* Products */;
			projectDirPath = "";
			projectRoot = "";
			targets = (
				FB0C0A961E0DE5340040ACDF /* HubChatBrowser */,
				FB0C0AAA1E0DE5340040ACDF /* HubChatBrowserTests */,
				FB0C0AB51E0DE5340040ACDF /* HubChatBrowserUITests */,
			);
		};
/* End PBXProject section */

/* Begin PBXResourcesBuildPhase section */
		FB0C0A951E0DE5340040ACDF /* Resources */ = {
			isa = PBXResourcesBuildPhase;
			buildActionMask = 2147483647;
			files = (
				FB0C0AE51E0E101F0040ACDF /* Assets.xcassets in Resources */,
			);
			runOnlyForDeploymentPostprocessing = 0;
		};
		FB0C0AA91E0DE5340040ACDF /* Resources */ = {
			isa = PBXResourcesBuildPhase;
			buildActionMask = 2147483647;
			files = (
			);
			runOnlyForDeploymentPostprocessing = 0;
		};
		FB0C0AB41E0DE5340040ACDF /* Resources */ = {
			isa = PBXResourcesBuildPhase;
			buildActionMask = 2147483647;
			files = (
			);
			runOnlyForDeploymentPostprocessing = 0;
		};
/* End PBXResourcesBuildPhase section */

/* Begin PBXShellScriptBuildPhase section */
		0AF33698E7350034E6EE73B1 /* [CP] Copy Pods Resources */ = {
			isa = PBXShellScriptBuildPhase;
			buildActionMask = 2147483647;
			files = (
			);
			inputPaths = (
			);
			name = "[CP] Copy Pods Resources";
			outputPaths = (
			);
			runOnlyForDeploymentPostprocessing = 0;
			shellPath = /bin/sh;
			shellScript = "\"${SRCROOT}/Pods/Target Support Files/Pods-HubChatBrowserUITests/Pods-HubChatBrowserUITests-resources.sh\"\n";
			showEnvVarsInLog = 0;
		};
		0B7A96C49EC0835D5BCEC64A /* [CP] Embed Pods Frameworks */ = {
			isa = PBXShellScriptBuildPhase;
			buildActionMask = 2147483647;
			files = (
			);
			inputPaths = (
			);
			name = "[CP] Embed Pods Frameworks";
			outputPaths = (
			);
			runOnlyForDeploymentPostprocessing = 0;
			shellPath = /bin/sh;
			shellScript = "\"${SRCROOT}/Pods/Target Support Files/Pods-HubChatBrowserTests/Pods-HubChatBrowserTests-frameworks.sh\"\n";
			showEnvVarsInLog = 0;
		};
		0F72E6DB903AF6B2E29C6F0F /* [CP] Check Pods Manifest.lock */ = {
			isa = PBXShellScriptBuildPhase;
			buildActionMask = 2147483647;
			files = (
			);
			inputPaths = (
			);
			name = "[CP] Check Pods Manifest.lock";
			outputPaths = (
			);
			runOnlyForDeploymentPostprocessing = 0;
			shellPath = /bin/sh;
			shellScript = "diff \"${PODS_ROOT}/../Podfile.lock\" \"${PODS_ROOT}/Manifest.lock\" > /dev/null\nif [ $? != 0 ] ; then\n    # print error to STDERR\n    echo \"error: The sandbox is not in sync with the Podfile.lock. Run 'pod install' or update your CocoaPods installation.\" >&2\n    exit 1\nfi\n";
			showEnvVarsInLog = 0;
		};
		23A6E38AC213D177A86D76F0 /* [CP] Embed Pods Frameworks */ = {
			isa = PBXShellScriptBuildPhase;
			buildActionMask = 2147483647;
			files = (
			);
			inputPaths = (
			);
			name = "[CP] Embed Pods Frameworks";
			outputPaths = (
			);
			runOnlyForDeploymentPostprocessing = 0;
			shellPath = /bin/sh;
			shellScript = "\"${SRCROOT}/Pods/Target Support Files/Pods-HubChatBrowser/Pods-HubChatBrowser-frameworks.sh\"\n";
			showEnvVarsInLog = 0;
		};
		3B764A1B659D8ADBFEB01D91 /* [CP] Copy Pods Resources */ = {
			isa = PBXShellScriptBuildPhase;
			buildActionMask = 2147483647;
			files = (
			);
			inputPaths = (
			);
			name = "[CP] Copy Pods Resources";
			outputPaths = (
			);
			runOnlyForDeploymentPostprocessing = 0;
			shellPath = /bin/sh;
			shellScript = "\"${SRCROOT}/Pods/Target Support Files/Pods-HubChatBrowser/Pods-HubChatBrowser-resources.sh\"\n";
			showEnvVarsInLog = 0;
		};
		4C3CA96DCC4CEE42C04F0356 /* [CP] Copy Pods Resources */ = {
			isa = PBXShellScriptBuildPhase;
			buildActionMask = 2147483647;
			files = (
			);
			inputPaths = (
			);
			name = "[CP] Copy Pods Resources";
			outputPaths = (
			);
			runOnlyForDeploymentPostprocessing = 0;
			shellPath = /bin/sh;
			shellScript = "\"${SRCROOT}/Pods/Target Support Files/Pods-HubChatBrowserTests/Pods-HubChatBrowserTests-resources.sh\"\n";
			showEnvVarsInLog = 0;
		};
		6EC703A694C8D39123D3C46D /* [CP] Embed Pods Frameworks */ = {
			isa = PBXShellScriptBuildPhase;
			buildActionMask = 2147483647;
			files = (
			);
			inputPaths = (
			);
			name = "[CP] Embed Pods Frameworks";
			outputPaths = (
			);
			runOnlyForDeploymentPostprocessing = 0;
			shellPath = /bin/sh;
			shellScript = "\"${SRCROOT}/Pods/Target Support Files/Pods-HubChatBrowserUITests/Pods-HubChatBrowserUITests-frameworks.sh\"\n";
			showEnvVarsInLog = 0;
		};
		824B727BE161813FE277CF3F /* [CP] Check Pods Manifest.lock */ = {
			isa = PBXShellScriptBuildPhase;
			buildActionMask = 2147483647;
			files = (
			);
			inputPaths = (
			);
			name = "[CP] Check Pods Manifest.lock";
			outputPaths = (
			);
			runOnlyForDeploymentPostprocessing = 0;
			shellPath = /bin/sh;
			shellScript = "diff \"${PODS_ROOT}/../Podfile.lock\" \"${PODS_ROOT}/Manifest.lock\" > /dev/null\nif [ $? != 0 ] ; then\n    # print error to STDERR\n    echo \"error: The sandbox is not in sync with the Podfile.lock. Run 'pod install' or update your CocoaPods installation.\" >&2\n    exit 1\nfi\n";
			showEnvVarsInLog = 0;
		};
		B083ECF9C95892C155A3BA49 /* [CP] Check Pods Manifest.lock */ = {
			isa = PBXShellScriptBuildPhase;
			buildActionMask = 2147483647;
			files = (
			);
			inputPaths = (
			);
			name = "[CP] Check Pods Manifest.lock";
			outputPaths = (
			);
			runOnlyForDeploymentPostprocessing = 0;
			shellPath = /bin/sh;
			shellScript = "diff \"${PODS_ROOT}/../Podfile.lock\" \"${PODS_ROOT}/Manifest.lock\" > /dev/null\nif [ $? != 0 ] ; then\n    # print error to STDERR\n    echo \"error: The sandbox is not in sync with the Podfile.lock. Run 'pod install' or update your CocoaPods installation.\" >&2\n    exit 1\nfi\n";
			showEnvVarsInLog = 0;
		};
/* End PBXShellScriptBuildPhase section */

/* Begin PBXSourcesBuildPhase section */
		FB0C0A931E0DE5340040ACDF /* Sources */ = {
			isa = PBXSourcesBuildPhase;
			buildActionMask = 2147483647;
			files = (
				FB0C0AE61E0E101F0040ACDF /* AppDelegate.swift in Sources */,
			);
			runOnlyForDeploymentPostprocessing = 0;
		};
		FB0C0AA71E0DE5340040ACDF /* Sources */ = {
			isa = PBXSourcesBuildPhase;
			buildActionMask = 2147483647;
			files = (
				FB0C0AB01E0DE5340040ACDF /* HubChatBrowserTests.swift in Sources */,
			);
			runOnlyForDeploymentPostprocessing = 0;
		};
		FB0C0AB21E0DE5340040ACDF /* Sources */ = {
			isa = PBXSourcesBuildPhase;
			buildActionMask = 2147483647;
			files = (
				FB0C0ABB1E0DE5340040ACDF /* HubChatBrowserUITests.swift in Sources */,
			);
			runOnlyForDeploymentPostprocessing = 0;
		};
/* End PBXSourcesBuildPhase section */

/* Begin PBXTargetDependency section */
		FB0C0AAD1E0DE5340040ACDF /* PBXTargetDependency */ = {
			isa = PBXTargetDependency;
			target = FB0C0A961E0DE5340040ACDF /* HubChatBrowser */;
			targetProxy = FB0C0AAC1E0DE5340040ACDF /* PBXContainerItemProxy */;
		};
		FB0C0AB81E0DE5340040ACDF /* PBXTargetDependency */ = {
			isa = PBXTargetDependency;
			target = FB0C0A961E0DE5340040ACDF /* HubChatBrowser */;
			targetProxy = FB0C0AB71E0DE5340040ACDF /* PBXContainerItemProxy */;
		};
/* End PBXTargetDependency section */

/* Begin XCBuildConfiguration section */
		FB0C0ABD1E0DE5340040ACDF /* Debug */ = {
			isa = XCBuildConfiguration;
			buildSettings = {
				ALWAYS_SEARCH_USER_PATHS = NO;
				CLANG_ANALYZER_NONNULL = YES;
				CLANG_CXX_LANGUAGE_STANDARD = "gnu++0x";
				CLANG_CXX_LIBRARY = "libc++";
				CLANG_ENABLE_MODULES = YES;
				CLANG_ENABLE_OBJC_ARC = YES;
				CLANG_WARN_BOOL_CONVERSION = YES;
				CLANG_WARN_CONSTANT_CONVERSION = YES;
				CLANG_WARN_DIRECT_OBJC_ISA_USAGE = YES_ERROR;
				CLANG_WARN_DOCUMENTATION_COMMENTS = YES;
				CLANG_WARN_EMPTY_BODY = YES;
				CLANG_WARN_ENUM_CONVERSION = YES;
				CLANG_WARN_INFINITE_RECURSION = YES;
				CLANG_WARN_INT_CONVERSION = YES;
				CLANG_WARN_OBJC_ROOT_CLASS = YES_ERROR;
				CLANG_WARN_SUSPICIOUS_MOVE = YES;
				CLANG_WARN_UNREACHABLE_CODE = YES;
				CLANG_WARN__DUPLICATE_METHOD_MATCH = YES;
				"CODE_SIGN_IDENTITY[sdk=iphoneos*]" = "iPhone Developer";
				COPY_PHASE_STRIP = NO;
				DEBUG_INFORMATION_FORMAT = dwarf;
				ENABLE_STRICT_OBJC_MSGSEND = YES;
				ENABLE_TESTABILITY = YES;
				GCC_C_LANGUAGE_STANDARD = gnu99;
				GCC_DYNAMIC_NO_PIC = NO;
				GCC_NO_COMMON_BLOCKS = YES;
				GCC_OPTIMIZATION_LEVEL = 0;
				GCC_PREPROCESSOR_DEFINITIONS = (
					"DEBUG=1",
					"$(inherited)",
				);
				GCC_WARN_64_TO_32_BIT_CONVERSION = YES;
				GCC_WARN_ABOUT_RETURN_TYPE = YES_ERROR;
				GCC_WARN_UNDECLARED_SELECTOR = YES;
				GCC_WARN_UNINITIALIZED_AUTOS = YES_AGGRESSIVE;
				GCC_WARN_UNUSED_FUNCTION = YES;
				GCC_WARN_UNUSED_VARIABLE = YES;
				IPHONEOS_DEPLOYMENT_TARGET = 9.0;
				MTL_ENABLE_DEBUG_INFO = YES;
				ONLY_ACTIVE_ARCH = YES;
				SDKROOT = iphoneos;
				SWIFT_ACTIVE_COMPILATION_CONDITIONS = DEBUG;
				SWIFT_OPTIMIZATION_LEVEL = "-Onone";
				TARGETED_DEVICE_FAMILY = "1,2";
			};
			name = Debug;
		};
		FB0C0ABE1E0DE5340040ACDF /* Release */ = {
			isa = XCBuildConfiguration;
			buildSettings = {
				ALWAYS_SEARCH_USER_PATHS = NO;
				CLANG_ANALYZER_NONNULL = YES;
				CLANG_CXX_LANGUAGE_STANDARD = "gnu++0x";
				CLANG_CXX_LIBRARY = "libc++";
				CLANG_ENABLE_MODULES = YES;
				CLANG_ENABLE_OBJC_ARC = YES;
				CLANG_WARN_BOOL_CONVERSION = YES;
				CLANG_WARN_CONSTANT_CONVERSION = YES;
				CLANG_WARN_DIRECT_OBJC_ISA_USAGE = YES_ERROR;
				CLANG_WARN_DOCUMENTATION_COMMENTS = YES;
				CLANG_WARN_EMPTY_BODY = YES;
				CLANG_WARN_ENUM_CONVERSION = YES;
				CLANG_WARN_INFINITE_RECURSION = YES;
				CLANG_WARN_INT_CONVERSION = YES;
				CLANG_WARN_OBJC_ROOT_CLASS = YES_ERROR;
				CLANG_WARN_SUSPICIOUS_MOVE = YES;
				CLANG_WARN_UNREACHABLE_CODE = YES;
				CLANG_WARN__DUPLICATE_METHOD_MATCH = YES;
				"CODE_SIGN_IDENTITY[sdk=iphoneos*]" = "iPhone Developer";
				COPY_PHASE_STRIP = NO;
				DEBUG_INFORMATION_FORMAT = "dwarf-with-dsym";
				ENABLE_NS_ASSERTIONS = NO;
				ENABLE_STRICT_OBJC_MSGSEND = YES;
				GCC_C_LANGUAGE_STANDARD = gnu99;
				GCC_NO_COMMON_BLOCKS = YES;
				GCC_WARN_64_TO_32_BIT_CONVERSION = YES;
				GCC_WARN_ABOUT_RETURN_TYPE = YES_ERROR;
				GCC_WARN_UNDECLARED_SELECTOR = YES;
				GCC_WARN_UNINITIALIZED_AUTOS = YES_AGGRESSIVE;
				GCC_WARN_UNUSED_FUNCTION = YES;
				GCC_WARN_UNUSED_VARIABLE = YES;
				IPHONEOS_DEPLOYMENT_TARGET = 9.0;
				MTL_ENABLE_DEBUG_INFO = NO;
				SDKROOT = iphoneos;
				SWIFT_OPTIMIZATION_LEVEL = "-Owholemodule";
				TARGETED_DEVICE_FAMILY = "1,2";
				VALIDATE_PRODUCT = YES;
			};
			name = Release;
		};
		FB0C0AC01E0DE5340040ACDF /* Debug */ = {
			isa = XCBuildConfiguration;
			baseConfigurationReference = BAD79E5A629D9F66B329A67B /* Pods-HubChatBrowser.debug.xcconfig */;
			buildSettings = {
				ASSETCATALOG_COMPILER_APPICON_NAME = AppIcon;
				DEVELOPMENT_TEAM = 5JWGM7A2T3;
				INFOPLIST_FILE = "$(SRCROOT)/HubChatBrowser/Supporting/Info.plist";
				IPHONEOS_DEPLOYMENT_TARGET = 9.0;
				LD_RUNPATH_SEARCH_PATHS = "$(inherited) @executable_path/Frameworks";
				PRODUCT_BUNDLE_IDENTIFIER = io.nativesolutions.HubChatBrowser;
				PRODUCT_NAME = "$(TARGET_NAME)";
				SWIFT_VERSION = 3.0;
			};
			name = Debug;
		};
		FB0C0AC11E0DE5340040ACDF /* Release */ = {
			isa = XCBuildConfiguration;
			baseConfigurationReference = 7C790CE6295527D479629D5A /* Pods-HubChatBrowser.release.xcconfig */;
			buildSettings = {
				ASSETCATALOG_COMPILER_APPICON_NAME = AppIcon;
				DEVELOPMENT_TEAM = 5JWGM7A2T3;
				INFOPLIST_FILE = "$(SRCROOT)/HubChatBrowser/Supporting/Info.plist";
				IPHONEOS_DEPLOYMENT_TARGET = 9.0;
				LD_RUNPATH_SEARCH_PATHS = "$(inherited) @executable_path/Frameworks";
				PRODUCT_BUNDLE_IDENTIFIER = io.nativesolutions.HubChatBrowser;
				PRODUCT_NAME = "$(TARGET_NAME)";
				SWIFT_VERSION = 3.0;
			};
			name = Release;
		};
		FB0C0AC31E0DE5340040ACDF /* Debug */ = {
			isa = XCBuildConfiguration;
			baseConfigurationReference = F88F89E7D11DDE30139F7428 /* Pods-HubChatBrowserTests.debug.xcconfig */;
			buildSettings = {
				ALWAYS_EMBED_SWIFT_STANDARD_LIBRARIES = YES;
				BUNDLE_LOADER = "$(TEST_HOST)";
				DEVELOPMENT_TEAM = 5JWGM7A2T3;
				INFOPLIST_FILE = HubChatBrowserTests/Info.plist;
				LD_RUNPATH_SEARCH_PATHS = "$(inherited) @executable_path/Frameworks @loader_path/Frameworks";
				PRODUCT_BUNDLE_IDENTIFIER = io.nativesolutions.HubChatBrowserTests;
				PRODUCT_NAME = "$(TARGET_NAME)";
				SWIFT_VERSION = 3.0;
				TEST_HOST = "$(BUILT_PRODUCTS_DIR)/HubChatBrowser.app/HubChatBrowser";
			};
			name = Debug;
		};
		FB0C0AC41E0DE5340040ACDF /* Release */ = {
			isa = XCBuildConfiguration;
			baseConfigurationReference = 10919132D4E3D44C260C3798 /* Pods-HubChatBrowserTests.release.xcconfig */;
			buildSettings = {
				ALWAYS_EMBED_SWIFT_STANDARD_LIBRARIES = YES;
				BUNDLE_LOADER = "$(TEST_HOST)";
				DEVELOPMENT_TEAM = 5JWGM7A2T3;
				INFOPLIST_FILE = HubChatBrowserTests/Info.plist;
				LD_RUNPATH_SEARCH_PATHS = "$(inherited) @executable_path/Frameworks @loader_path/Frameworks";
				PRODUCT_BUNDLE_IDENTIFIER = io.nativesolutions.HubChatBrowserTests;
				PRODUCT_NAME = "$(TARGET_NAME)";
				SWIFT_VERSION = 3.0;
				TEST_HOST = "$(BUILT_PRODUCTS_DIR)/HubChatBrowser.app/HubChatBrowser";
			};
			name = Release;
		};
		FB0C0AC61E0DE5340040ACDF /* Debug */ = {
			isa = XCBuildConfiguration;
			baseConfigurationReference = F2C48BA90B67A9753BE3CB52 /* Pods-HubChatBrowserUITests.debug.xcconfig */;
			buildSettings = {
				ALWAYS_EMBED_SWIFT_STANDARD_LIBRARIES = YES;
				DEVELOPMENT_TEAM = 5JWGM7A2T3;
				INFOPLIST_FILE = HubChatBrowserUITests/Info.plist;
				LD_RUNPATH_SEARCH_PATHS = "$(inherited) @executable_path/Frameworks @loader_path/Frameworks";
				PRODUCT_BUNDLE_IDENTIFIER = io.nativesolutions.HubChatBrowserUITests;
				PRODUCT_NAME = "$(TARGET_NAME)";
				SWIFT_VERSION = 3.0;
				TEST_TARGET_NAME = HubChatBrowser;
			};
			name = Debug;
		};
		FB0C0AC71E0DE5340040ACDF /* Release */ = {
			isa = XCBuildConfiguration;
			baseConfigurationReference = 8751843B6AE6483F89CBF49F /* Pods-HubChatBrowserUITests.release.xcconfig */;
			buildSettings = {
				ALWAYS_EMBED_SWIFT_STANDARD_LIBRARIES = YES;
				DEVELOPMENT_TEAM = 5JWGM7A2T3;
				INFOPLIST_FILE = HubChatBrowserUITests/Info.plist;
				LD_RUNPATH_SEARCH_PATHS = "$(inherited) @executable_path/Frameworks @loader_path/Frameworks";
				PRODUCT_BUNDLE_IDENTIFIER = io.nativesolutions.HubChatBrowserUITests;
				PRODUCT_NAME = "$(TARGET_NAME)";
				SWIFT_VERSION = 3.0;
				TEST_TARGET_NAME = HubChatBrowser;
			};
			name = Release;
		};
/* End XCBuildConfiguration section */

/* Begin XCConfigurationList section */
		FB0C0A921E0DE5340040ACDF /* Build configuration list for PBXProject "HubChatBrowser" */ = {
			isa = XCConfigurationList;
			buildConfigurations = (
				FB0C0ABD1E0DE5340040ACDF /* Debug */,
				FB0C0ABE1E0DE5340040ACDF /* Release */,
			);
			defaultConfigurationIsVisible = 0;
			defaultConfigurationName = Release;
		};
		FB0C0ABF1E0DE5340040ACDF /* Build configuration list for PBXNativeTarget "HubChatBrowser" */ = {
			isa = XCConfigurationList;
			buildConfigurations = (
				FB0C0AC01E0DE5340040ACDF /* Debug */,
				FB0C0AC11E0DE5340040ACDF /* Release */,
			);
			defaultConfigurationIsVisible = 0;
			defaultConfigurationName = Release;
		};
		FB0C0AC21E0DE5340040ACDF /* Build configuration list for PBXNativeTarget "HubChatBrowserTests" */ = {
			isa = XCConfigurationList;
			buildConfigurations = (
				FB0C0AC31E0DE5340040ACDF /* Debug */,
				FB0C0AC41E0DE5340040ACDF /* Release */,
			);
			defaultConfigurationIsVisible = 0;
			defaultConfigurationName = Release;
		};
		FB0C0AC51E0DE5340040ACDF /* Build configuration list for PBXNativeTarget "HubChatBrowserUITests" */ = {
			isa = XCConfigurationList;
			buildConfigurations = (
				FB0C0AC61E0DE5340040ACDF /* Debug */,
				FB0C0AC71E0DE5340040ACDF /* Release */,
			);
			defaultConfigurationIsVisible = 0;
			defaultConfigurationName = Release;
		};
/* End XCConfigurationList section */
	};
	rootObject = FB0C0A8F1E0DE5340040ACDF /* Project object */;
}
